{
  "name": "final-prototype",
  "version": "1.0.0",
  "lockfileVersion": 3,
  "requires": true,
  "packages": {
    "": {
      "name": "final-prototype",
      "version": "1.0.0",
      "license": "ISC",
      "dependencies": {
        "nex": "^2.0.22",
        "react": "^19.2.4",
        "react-dom": "^19.2.4"
      }
    },
    "node_modules/harmonious": {
      "version": "0.5.18",
      "resolved": "https://registry.npmjs.org/harmonious/-/harmonious-0.5.18.tgz",
      "integrity": "sha512-lncKQFl5itHdU85I1qjpg4ypDqMBrAwDTB4oiAfdkujDuDllsHsH7Jp/GO0yi4fDyC6v3gpX9EKbgXIThbLziw==",
      "bundleDependencies": [
        "npmlog",
        "semver"
      ],
      "license": "MIT",
      "dependencies": {
        "npmlog": "0.1.1",
        "semver": "2.3.1"
      },
      "engines": {
        "node": ">= 0.8.26"
      }
    },
    "node_modules/nex": {
      "version": "2.0.22",
      "resolved": "https://registry.npmjs.org/nex/-/nex-2.0.22.tgz",
      "integrity": "sha512-5rHi4cYnlR89vTvaadGmnIQ4oHBO01vMaFC7tbIjFLY0GQe3Rq7dUoIiTGVxlNowr+kEU3MUiDrWa5bq4XH9dg==",
      "bundleDependencies": [
        "colors",
        "commander",
        "lodash",
        "npmlog",
        "npmlog-file",
        "rimraf"
      ],
      "license": "MIT",
      "dependencies": {
        "colors": "^0.6.2",
        "commander": "^2.2.0",
        "harmonious": "^0.5.4",
        "lodash": "^2.4.1",
        "nex-api": "^2.0.1",
        "npmlog": "^0.1.1",
        "npmlog-file": "^0.1.1",
        "rimraf": "^2.2.8"
      },
      "bin": {
        "nex": "index.js"
      },
      "engines": {
        "node": ">=0.11.12"
      }
    },
    "node_modules/nex-api": {
      "version": "2.0.3",
      "resolved": "https://registry.npmjs.org/nex-api/-/nex-api-2.0.3.tgz",
      "integrity": "sha512-Fwo7honIukewvlxo4JfiMXqPtGOWdJsgEr/xViwM6kl0Ngx2sxBg5nNlx0F5xZukrPrEKOCRfdUAzCMan+u0tQ==",
      "license": "MIT"
    },
    "node_modules/react": {
      "version": "19.2.4",
      "resolved": "https://registry.npmjs.org/react/-/react-19.2.4.tgz",
      "integrity": "sha512-9nfp2hYpCwOjAN+8TZFGhtWEwgvWHXqESH8qT89AT/lWklpLON22Lc8pEtnpsZz7VmawabSU0gCjnj8aC0euHQ==",
      "license": "MIT",
      "peer": true,
      "engines": {
        "node": ">=0.10.0"
      }
    },
    "node_modules/react-dom": {
      "version": "19.2.4",
      "resolved": "https://registry.npmjs.org/react-dom/-/react-dom-19.2.4.tgz",
      "integrity": "sha512-AXJdLo8kgMbimY95O2aKQqsz2iWi9jMgKJhRBAxECE4IFxfcazB2LmzloIoibJI3C12IlY20+KFaLv+71bUJeQ==",
      "license": "MIT",
      "dependencies": {
        "scheduler": "^0.27.0"
      },
      "peerDependencies": {
        "react": "^19.2.4"
      }
    },
    "node_modules/scheduler": {
      "version": "0.27.0",
      "resolved": "https://registry.npmjs.org/scheduler/-/scheduler-0.27.0.tgz",
      "integrity": "sha512-eNv+WrVbKu1f3vbYJT/xtiF5syA5HPIMtf9IgY/nKg0sWqzAUEvqY/xm7OcZc/qafLx/iO9FgOmeSAp4v5ti/Q==",
      "license": "MIT"
    }
  }
}
